// !$*UTF8*$!
{
	archiveVersion = 1;
	classes = {
	};
	objectVersion = 50;
	objects = {

/* Begin PBXBuildFile section */
		960C487425B376CD00635C3D /* HomeViewModel.swift in Sources */ = {isa = PBXBuildFile; fileRef = 960C487325B376CD00635C3D /* HomeViewModel.swift */; };
		960C487A25B3777A00635C3D /* TapViewModel.swift in Sources */ = {isa = PBXBuildFile; fileRef = 960C487925B3777A00635C3D /* TapViewModel.swift */; };
		960C48B925B37E5900635C3D /* TapView.swift in Sources */ = {isa = PBXBuildFile; fileRef = 960C48B825B37E5900635C3D /* TapView.swift */; };
		960C48C125B38A3500635C3D /* TapViewModelTests.swift in Sources */ = {isa = PBXBuildFile; fileRef = 960C48C025B38A3500635C3D /* TapViewModelTests.swift */; };
		968F4FDD25B2B84B00262F19 /* ResponderViewModel.swift in Sources */ = {isa = PBXBuildFile; fileRef = 968F4FDC25B2B84B00262F19 /* ResponderViewModel.swift */; };
		968F4FF325B375E400262F19 /* Main.storyboard in Resources */ = {isa = PBXBuildFile; fileRef = 969F4F8925B2B1A2000F8ECF /* Main.storyboard */; };
		969F4F8425B2B1A2000F8ECF /* AppDelegate.swift in Sources */ = {isa = PBXBuildFile; fileRef = 969F4F8325B2B1A2000F8ECF /* AppDelegate.swift */; };
		969F4F8625B2B1A2000F8ECF /* SceneDelegate.swift in Sources */ = {isa = PBXBuildFile; fileRef = 969F4F8525B2B1A2000F8ECF /* SceneDelegate.swift */; };
		969F4F8825B2B1A2000F8ECF /* HomeViewController.swift in Sources */ = {isa = PBXBuildFile; fileRef = 969F4F8725B2B1A2000F8ECF /* HomeViewController.swift */; };
		969F4F8D25B2B1A6000F8ECF /* Assets.xcassets in Resources */ = {isa = PBXBuildFile; fileRef = 969F4F8C25B2B1A6000F8ECF /* Assets.xcassets */; };
		969F4F9025B2B1A6000F8ECF /* LaunchScreen.storyboard in Resources */ = {isa = PBXBuildFile; fileRef = 969F4F8E25B2B1A6000F8ECF /* LaunchScreen.storyboard */; };
		969F4FA625B2B1A7000F8ECF /* swift_responder_chainUITests.swift in Sources */ = {isa = PBXBuildFile; fileRef = 969F4FA525B2B1A7000F8ECF /* swift_responder_chainUITests.swift */; };
		96F9A94F25B2B36600C3787D /* Responder.swift in Sources */ = {isa = PBXBuildFile; fileRef = 96F9A94E25B2B36600C3787D /* Responder.swift */; };
		96F9A95525B2B40000C3787D /* ResponderEvent.swift in Sources */ = {isa = PBXBuildFile; fileRef = 96F9A95425B2B40000C3787D /* ResponderEvent.swift */; };
/* End PBXBuildFile section */

/* Begin PBXContainerItemProxy section */
		969F4F9725B2B1A7000F8ECF /* PBXContainerItemProxy */ = {
			isa = PBXContainerItemProxy;
			containerPortal = 969F4F7825B2B1A2000F8ECF /* Project object */;
			proxyType = 1;
			remoteGlobalIDString = 969F4F7F25B2B1A2000F8ECF;
			remoteInfo = "swift-responder-chain";
		};
		969F4FA225B2B1A7000F8ECF /* PBXContainerItemProxy */ = {
			isa = PBXContainerItemProxy;
			containerPortal = 969F4F7825B2B1A2000F8ECF /* Project object */;
			proxyType = 1;
			remoteGlobalIDString = 969F4F7F25B2B1A2000F8ECF;
			remoteInfo = "swift-responder-chain";
		};
/* End PBXContainerItemProxy section */

/* Begin PBXFileReference section */
		960C487325B376CD00635C3D /* HomeViewModel.swift */ = {isa = PBXFileReference; lastKnownFileType = sourcecode.swift; path = HomeViewModel.swift; sourceTree = "<group>"; };
		960C487925B3777A00635C3D /* TapViewModel.swift */ = {isa = PBXFileReference; lastKnownFileType = sourcecode.swift; path = TapViewModel.swift; sourceTree = "<group>"; };
		960C48B825B37E5900635C3D /* TapView.swift */ = {isa = PBXFileReference; lastKnownFileType = sourcecode.swift; path = TapView.swift; sourceTree = "<group>"; };
		960C48C025B38A3500635C3D /* TapViewModelTests.swift */ = {isa = PBXFileReference; lastKnownFileType = sourcecode.swift; path = TapViewModelTests.swift; sourceTree = "<group>"; };
		968F4FDC25B2B84B00262F19 /* ResponderViewModel.swift */ = {isa = PBXFileReference; lastKnownFileType = sourcecode.swift; path = ResponderViewModel.swift; sourceTree = "<group>"; };
		969F4F8025B2B1A2000F8ECF /* swift-responder-chain.app */ = {isa = PBXFileReference; explicitFileType = wrapper.application; includeInIndex = 0; path = "swift-responder-chain.app"; sourceTree = BUILT_PRODUCTS_DIR; };
		969F4F8325B2B1A2000F8ECF /* AppDelegate.swift */ = {isa = PBXFileReference; lastKnownFileType = sourcecode.swift; path = AppDelegate.swift; sourceTree = "<group>"; };
		969F4F8525B2B1A2000F8ECF /* SceneDelegate.swift */ = {isa = PBXFileReference; lastKnownFileType = sourcecode.swift; path = SceneDelegate.swift; sourceTree = "<group>"; };
		969F4F8725B2B1A2000F8ECF /* HomeViewController.swift */ = {isa = PBXFileReference; lastKnownFileType = sourcecode.swift; path = HomeViewController.swift; sourceTree = "<group>"; };
		969F4F8A25B2B1A2000F8ECF /* Base */ = {isa = PBXFileReference; lastKnownFileType = file.storyboard; name = Base; path = Base.lproj/Main.storyboard; sourceTree = "<group>"; };
		969F4F8C25B2B1A6000F8ECF /* Assets.xcassets */ = {isa = PBXFileReference; lastKnownFileType = folder.assetcatalog; path = Assets.xcassets; sourceTree = "<group>"; };
		969F4F8F25B2B1A6000F8ECF /* Base */ = {isa = PBXFileReference; lastKnownFileType = file.storyboard; name = Base; path = Base.lproj/LaunchScreen.storyboard; sourceTree = "<group>"; };
		969F4F9125B2B1A6000F8ECF /* Info.plist */ = {isa = PBXFileReference; lastKnownFileType = text.plist.xml; path = Info.plist; sourceTree = "<group>"; };
		969F4F9625B2B1A7000F8ECF /* swift-responder-chainTests.xctest */ = {isa = PBXFileReference; explicitFileType = wrapper.cfbundle; includeInIndex = 0; path = "swift-responder-chainTests.xctest"; sourceTree = BUILT_PRODUCTS_DIR; };
		969F4F9C25B2B1A7000F8ECF /* Info.plist */ = {isa = PBXFileReference; lastKnownFileType = text.plist.xml; path = Info.plist; sourceTree = "<group>"; };
		969F4FA125B2B1A7000F8ECF /* swift-responder-chainUITests.xctest */ = {isa = PBXFileReference; explicitFileType = wrapper.cfbundle; includeInIndex = 0; path = "swift-responder-chainUITests.xctest"; sourceTree = BUILT_PRODUCTS_DIR; };
		969F4FA525B2B1A7000F8ECF /* swift_responder_chainUITests.swift */ = {isa = PBXFileReference; lastKnownFileType = sourcecode.swift; path = swift_responder_chainUITests.swift; sourceTree = "<group>"; };
		969F4FA725B2B1A7000F8ECF /* Info.plist */ = {isa = PBXFileReference; lastKnownFileType = text.plist.xml; path = Info.plist; sourceTree = "<group>"; };
		96F9A94E25B2B36600C3787D /* Responder.swift */ = {isa = PBXFileReference; lastKnownFileType = sourcecode.swift; path = Responder.swift; sourceTree = "<group>"; };
		96F9A95425B2B40000C3787D /* ResponderEvent.swift */ = {isa = PBXFileReference; lastKnownFileType = sourcecode.swift; path = ResponderEvent.swift; sourceTree = "<group>"; };
/* End PBXFileReference section */

/* Begin PBXFrameworksBuildPhase section */
		969F4F7D25B2B1A2000F8ECF /* Frameworks */ = {
			isa = PBXFrameworksBuildPhase;
			buildActionMask = 2147483647;
			files = (
			);
			runOnlyForDeploymentPostprocessing = 0;
		};
		969F4F9325B2B1A7000F8ECF /* Frameworks */ = {
			isa = PBXFrameworksBuildPhase;
			buildActionMask = 2147483647;
			files = (
			);
			runOnlyForDeploymentPostprocessing = 0;
		};
		969F4F9E25B2B1A7000F8ECF /* Frameworks */ = {
			isa = PBXFrameworksBuildPhase;
			buildActionMask = 2147483647;
			files = (
			);
			runOnlyForDeploymentPostprocessing = 0;
		};
/* End PBXFrameworksBuildPhase section */

/* Begin PBXGroup section */
		968F4FE925B374AC00262F19 /* Home */ = {
			isa = PBXGroup;
			children = (
				969F4F8725B2B1A2000F8ECF /* HomeViewController.swift */,
				960C487325B376CD00635C3D /* HomeViewModel.swift */,
				960C487925B3777A00635C3D /* TapViewModel.swift */,
				960C48B825B37E5900635C3D /* TapView.swift */,
			);
			path = Home;
			sourceTree = "<group>";
		};
		969F4F7725B2B1A2000F8ECF = {
			isa = PBXGroup;
			children = (
				969F4F8225B2B1A2000F8ECF /* swift-responder-chain */,
				969F4F9925B2B1A7000F8ECF /* swift-responder-chainTests */,
				969F4FA425B2B1A7000F8ECF /* swift-responder-chainUITests */,
				969F4F8125B2B1A2000F8ECF /* Products */,
			);
			sourceTree = "<group>";
		};
		969F4F8125B2B1A2000F8ECF /* Products */ = {
			isa = PBXGroup;
			children = (
				969F4F8025B2B1A2000F8ECF /* swift-responder-chain.app */,
				969F4F9625B2B1A7000F8ECF /* swift-responder-chainTests.xctest */,
				969F4FA125B2B1A7000F8ECF /* swift-responder-chainUITests.xctest */,
			);
			name = Products;
			sourceTree = "<group>";
		};
		969F4F8225B2B1A2000F8ECF /* swift-responder-chain */ = {
			isa = PBXGroup;
			children = (
				968F4FE925B374AC00262F19 /* Home */,
				96F9A95325B2B3E400C3787D /* Responder Chain */,
				969F4F8325B2B1A2000F8ECF /* AppDelegate.swift */,
				969F4F8525B2B1A2000F8ECF /* SceneDelegate.swift */,
				969F4F8925B2B1A2000F8ECF /* Main.storyboard */,
				969F4F8C25B2B1A6000F8ECF /* Assets.xcassets */,
				969F4F8E25B2B1A6000F8ECF /* LaunchScreen.storyboard */,
				969F4F9125B2B1A6000F8ECF /* Info.plist */,
			);
			path = "swift-responder-chain";
			sourceTree = "<group>";
		};
		969F4F9925B2B1A7000F8ECF /* swift-responder-chainTests */ = {
			isa = PBXGroup;
			children = (
				969F4F9C25B2B1A7000F8ECF /* Info.plist */,
				960C48C025B38A3500635C3D /* TapViewModelTests.swift */,
			);
			path = "swift-responder-chainTests";
			sourceTree = "<group>";
		};
		969F4FA425B2B1A7000F8ECF /* swift-responder-chainUITests */ = {
			isa = PBXGroup;
			children = (
				969F4FA525B2B1A7000F8ECF /* swift_responder_chainUITests.swift */,
				969F4FA725B2B1A7000F8ECF /* Info.plist */,
			);
			path = "swift-responder-chainUITests";
			sourceTree = "<group>";
		};
		96F9A95325B2B3E400C3787D /* Responder Chain */ = {
			isa = PBXGroup;
			children = (
				96F9A94E25B2B36600C3787D /* Responder.swift */,
				96F9A95425B2B40000C3787D /* ResponderEvent.swift */,
				968F4FDC25B2B84B00262F19 /* ResponderViewModel.swift */,
			);
			path = "Responder Chain";
			sourceTree = "<group>";
		};
/* End PBXGroup section */

/* Begin PBXNativeTarget section */
		969F4F7F25B2B1A2000F8ECF /* swift-responder-chain */ = {
			isa = PBXNativeTarget;
			buildConfigurationList = 969F4FAA25B2B1A7000F8ECF /* Build configuration list for PBXNativeTarget "swift-responder-chain" */;
			buildPhases = (
				969F4F7C25B2B1A2000F8ECF /* Sources */,
				969F4F7D25B2B1A2000F8ECF /* Frameworks */,
				969F4F7E25B2B1A2000F8ECF /* Resources */,
			);
			buildRules = (
			);
			dependencies = (
			);
			name = "swift-responder-chain";
			productName = "swift-responder-chain";
			productReference = 969F4F8025B2B1A2000F8ECF /* swift-responder-chain.app */;
			productType = "com.apple.product-type.application";
		};
		969F4F9525B2B1A7000F8ECF /* swift-responder-chainTests */ = {
			isa = PBXNativeTarget;
			buildConfigurationList = 969F4FAD25B2B1A7000F8ECF /* Build configuration list for PBXNativeTarget "swift-responder-chainTests" */;
			buildPhases = (
				969F4F9225B2B1A7000F8ECF /* Sources */,
				969F4F9325B2B1A7000F8ECF /* Frameworks */,
				969F4F9425B2B1A7000F8ECF /* Resources */,
			);
			buildRules = (
			);
			dependencies = (
				969F4F9825B2B1A7000F8ECF /* PBXTargetDependency */,
			);
			name = "swift-responder-chainTests";
			productName = "swift-responder-chainTests";
			productReference = 969F4F9625B2B1A7000F8ECF /* swift-responder-chainTests.xctest */;
			productType = "com.apple.product-type.bundle.unit-test";
		};
		969F4FA025B2B1A7000F8ECF /* swift-responder-chainUITests */ = {
			isa = PBXNativeTarget;
			buildConfigurationList = 969F4FB025B2B1A7000F8ECF /* Build configuration list for PBXNativeTarget "swift-responder-chainUITests" */;
			buildPhases = (
				969F4F9D25B2B1A7000F8ECF /* Sources */,
				969F4F9E25B2B1A7000F8ECF /* Frameworks */,
				969F4F9F25B2B1A7000F8ECF /* Resources */,
			);
			buildRules = (
			);
			dependencies = (
				969F4FA325B2B1A7000F8ECF /* PBXTargetDependency */,
			);
			name = "swift-responder-chainUITests";
			productName = "swift-responder-chainUITests";
			productReference = 969F4FA125B2B1A7000F8ECF /* swift-responder-chainUITests.xctest */;
			productType = "com.apple.product-type.bundle.ui-testing";
		};
/* End PBXNativeTarget section */

/* Begin PBXProject section */
		969F4F7825B2B1A2000F8ECF /* Project object */ = {
			isa = PBXProject;
			attributes = {
				LastSwiftUpdateCheck = 1220;
				LastUpgradeCheck = 1220;
				TargetAttributes = {
					969F4F7F25B2B1A2000F8ECF = {
						CreatedOnToolsVersion = 12.2;
					};
					969F4F9525B2B1A7000F8ECF = {
						CreatedOnToolsVersion = 12.2;
						TestTargetID = 969F4F7F25B2B1A2000F8ECF;
					};
					969F4FA025B2B1A7000F8ECF = {
						CreatedOnToolsVersion = 12.2;
						TestTargetID = 969F4F7F25B2B1A2000F8ECF;
					};
				};
			};
			buildConfigurationList = 969F4F7B25B2B1A2000F8ECF /* Build configuration list for PBXProject "swift-responder-chain" */;
			compatibilityVersion = "Xcode 9.3";
			developmentRegion = en;
			hasScannedForEncodings = 0;
			knownRegions = (
				en,
				Base,
			);
			mainGroup = 969F4F7725B2B1A2000F8ECF;
			productRefGroup = 969F4F8125B2B1A2000F8ECF /* Products */;
			projectDirPath = "";
			projectRoot = "";
			targets = (
				969F4F7F25B2B1A2000F8ECF /* swift-responder-chain */,
				969F4F9525B2B1A7000F8ECF /* swift-responder-chainTests */,
				969F4FA025B2B1A7000F8ECF /* swift-responder-chainUITests */,
			);
		};
/* End PBXProject section */

/* Begin PBXResourcesBuildPhase section */
		969F4F7E25B2B1A2000F8ECF /* Resources */ = {
			isa = PBXResourcesBuildPhase;
			buildActionMask = 2147483647;
			files = (
				968F4FF325B375E400262F19 /* Main.storyboard in Resources */,
				969F4F9025B2B1A6000F8ECF /* LaunchScreen.storyboard in Resources */,
				969F4F8D25B2B1A6000F8ECF /* Assets.xcassets in Resources */,
			);
			runOnlyForDeploymentPostprocessing = 0;
		};
		969F4F9425B2B1A7000F8ECF /* Resources */ = {
			isa = PBXResourcesBuildPhase;
			buildActionMask = 2147483647;
			files = (
			);
			runOnlyForDeploymentPostprocessing = 0;
		};
		969F4F9F25B2B1A7000F8ECF /* Resources */ = {
			isa = PBXResourcesBuildPhase;
			buildActionMask = 2147483647;
			files = (
			);
			runOnlyForDeploymentPostprocessing = 0;
		};
/* End PBXResourcesBuildPhase section */

/* Begin PBXSourcesBuildPhase section */
		969F4F7C25B2B1A2000F8ECF /* Sources */ = {
			isa = PBXSourcesBuildPhase;
			buildActionMask = 2147483647;
			files = (
				968F4FDD25B2B84B00262F19 /* ResponderViewModel.swift in Sources */,
				960C487A25B3777A00635C3D /* TapViewModel.swift in Sources */,
				960C48B925B37E5900635C3D /* TapView.swift in Sources */,
				96F9A94F25B2B36600C3787D /* Responder.swift in Sources */,
				96F9A95525B2B40000C3787D /* ResponderEvent.swift in Sources */,
				960C487425B376CD00635C3D /* HomeViewModel.swift in Sources */,
				969F4F8825B2B1A2000F8ECF /* HomeViewController.swift in Sources */,
				969F4F8425B2B1A2000F8ECF /* AppDelegate.swift in Sources */,
				969F4F8625B2B1A2000F8ECF /* SceneDelegate.swift in Sources */,
			);
			runOnlyForDeploymentPostprocessing = 0;
		};
		969F4F9225B2B1A7000F8ECF /* Sources */ = {
			isa = PBXSourcesBuildPhase;
			buildActionMask = 2147483647;
			files = (
				960C48C125B38A3500635C3D /* TapViewModelTests.swift in Sources */,
			);
			runOnlyForDeploymentPostprocessing = 0;
		};
		969F4F9D25B2B1A7000F8ECF /* Sources */ = {
			isa = PBXSourcesBuildPhase;
			buildActionMask = 2147483647;
			files = (
				969F4FA625B2B1A7000F8ECF /* swift_responder_chainUITests.swift in Sources */,
			);
			runOnlyForDeploymentPostprocessing = 0;
		};
/* End PBXSourcesBuildPhase section */

/* Begin PBXTargetDependency section */
		969F4F9825B2B1A7000F8ECF /* PBXTargetDependency */ = {
			isa = PBXTargetDependency;
			target = 969F4F7F25B2B1A2000F8ECF /* swift-responder-chain */;
			targetProxy = 969F4F9725B2B1A7000F8ECF /* PBXContainerItemProxy */;
		};
		969F4FA325B2B1A7000F8ECF /* PBXTargetDependency */ = {
			isa = PBXTargetDependency;
			target = 969F4F7F25B2B1A2000F8ECF /* swift-responder-chain */;
			targetProxy = 969F4FA225B2B1A7000F8ECF /* PBXContainerItemProxy */;
		};
/* End PBXTargetDependency section */

/* Begin PBXVariantGroup section */
		969F4F8925B2B1A2000F8ECF /* Main.storyboard */ = {
			isa = PBXVariantGroup;
			children = (
				969F4F8A25B2B1A2000F8ECF /* Base */,
			);
			name = Main.storyboard;
			sourceTree = "<group>";
		};
		969F4F8E25B2B1A6000F8ECF /* LaunchScreen.storyboard */ = {
			isa = PBXVariantGroup;
			children = (
				969F4F8F25B2B1A6000F8ECF /* Base */,
			);
			name = LaunchScreen.storyboard;
			sourceTree = "<group>";
		};
/* End PBXVariantGroup section */

/* Begin XCBuildConfiguration section */
		969F4FA825B2B1A7000F8ECF /* Debug */ = {
			isa = XCBuildConfiguration;
			buildSettings = {
				ALWAYS_SEARCH_USER_PATHS = NO;
				CLANG_ANALYZER_NONNULL = YES;
				CLANG_ANALYZER_NUMBER_OBJECT_CONVERSION = YES_AGGRESSIVE;
				CLANG_CXX_LANGUAGE_STANDARD = "gnu++14";
				CLANG_CXX_LIBRARY = "libc++";
				CLANG_ENABLE_MODULES = YES;
				CLANG_ENABLE_OBJC_ARC = YES;
				CLANG_ENABLE_OBJC_WEAK = YES;
				CLANG_WARN_BLOCK_CAPTURE_AUTORELEASING = YES;
				CLANG_WARN_BOOL_CONVERSION = YES;
				CLANG_WARN_COMMA = YES;
				CLANG_WARN_CONSTANT_CONVERSION = YES;
				CLANG_WARN_DEPRECATED_OBJC_IMPLEMENTATIONS = YES;
				CLANG_WARN_DIRECT_OBJC_ISA_USAGE = YES_ERROR;
				CLANG_WARN_DOCUMENTATION_COMMENTS = YES;
				CLANG_WARN_EMPTY_BODY = YES;
				CLANG_WARN_ENUM_CONVERSION = YES;
				CLANG_WARN_INFINITE_RECURSION = YES;
				CLANG_WARN_INT_CONVERSION = YES;
				CLANG_WARN_NON_LITERAL_NULL_CONVERSION = YES;
				CLANG_WARN_OBJC_IMPLICIT_RETAIN_SELF = YES;
				CLANG_WARN_OBJC_LITERAL_CONVERSION = YES;
				CLANG_WARN_OBJC_ROOT_CLASS = YES_ERROR;
				CLANG_WARN_QUOTED_INCLUDE_IN_FRAMEWORK_HEADER = YES;
				CLANG_WARN_RANGE_LOOP_ANALYSIS = YES;
				CLANG_WARN_STRICT_PROTOTYPES = YES;
				CLANG_WARN_SUSPICIOUS_MOVE = YES;
				CLANG_WARN_UNGUARDED_AVAILABILITY = YES_AGGRESSIVE;
				CLANG_WARN_UNREACHABLE_CODE = YES;
				CLANG_WARN__DUPLICATE_METHOD_MATCH = YES;
				COPY_PHASE_STRIP = NO;
				DEBUG_INFORMATION_FORMAT = dwarf;
				ENABLE_STRICT_OBJC_MSGSEND = YES;
				ENABLE_TESTABILITY = YES;
				GCC_C_LANGUAGE_STANDARD = gnu11;
				GCC_DYNAMIC_NO_PIC = NO;
				GCC_NO_COMMON_BLOCKS = YES;
				GCC_OPTIMIZATION_LEVEL = 0;
				GCC_PREPROCESSOR_DEFINITIONS = (
					"DEBUG=1",
					"$(inherited)",
				);
				GCC_WARN_64_TO_32_BIT_CONVERSION = YES;
				GCC_WARN_ABOUT_RETURN_TYPE = YES_ERROR;
				GCC_WARN_UNDECLARED_SELECTOR = YES;
				GCC_WARN_UNINITIALIZED_AUTOS = YES_AGGRESSIVE;
				GCC_WARN_UNUSED_FUNCTION = YES;
				GCC_WARN_UNUSED_VARIABLE = YES;
				IPHONEOS_DEPLOYMENT_TARGET = 14.2;
				MTL_ENABLE_DEBUG_INFO = INCLUDE_SOURCE;
				MTL_FAST_MATH = YES;
				ONLY_ACTIVE_ARCH = YES;
				SDKROOT = iphoneos;
				SWIFT_ACTIVE_COMPILATION_CONDITIONS = DEBUG;
				SWIFT_OPTIMIZATION_LEVEL = "-Onone";
			};
			name = Debug;
		};
		969F4FA925B2B1A7000F8ECF /* Release */ = {
			isa = XCBuildConfiguration;
			buildSettings = {
				ALWAYS_SEARCH_USER_PATHS = NO;
				CLANG_ANALYZER_NONNULL = YES;
				CLANG_ANALYZER_NUMBER_OBJECT_CONVERSION = YES_AGGRESSIVE;
				CLANG_CXX_LANGUAGE_STANDARD = "gnu++14";
				CLANG_CXX_LIBRARY = "libc++";
				CLANG_ENABLE_MODULES = YES;
				CLANG_ENABLE_OBJC_ARC = YES;
				CLANG_ENABLE_OBJC_WEAK = YES;
				CLANG_WARN_BLOCK_CAPTURE_AUTORELEASING = YES;
				CLANG_WARN_BOOL_CONVERSION = YES;
				CLANG_WARN_COMMA = YES;
				CLANG_WARN_CONSTANT_CONVERSION = YES;
				CLANG_WARN_DEPRECATED_OBJC_IMPLEMENTATIONS = YES;
				CLANG_WARN_DIRECT_OBJC_ISA_USAGE = YES_ERROR;
				CLANG_WARN_DOCUMENTATION_COMMENTS = YES;
				CLANG_WARN_EMPTY_BODY = YES;
				CLANG_WARN_ENUM_CONVERSION = YES;
				CLANG_WARN_INFINITE_RECURSION = YES;
				CLANG_WARN_INT_CONVERSION = YES;
				CLANG_WARN_NON_LITERAL_NULL_CONVERSION = YES;
				CLANG_WARN_OBJC_IMPLICIT_RETAIN_SELF = YES;
				CLANG_WARN_OBJC_LITERAL_CONVERSION = YES;
				CLANG_WARN_OBJC_ROOT_CLASS = YES_ERROR;
				CLANG_WARN_QUOTED_INCLUDE_IN_FRAMEWORK_HEADER = YES;
				CLANG_WARN_RANGE_LOOP_ANALYSIS = YES;
				CLANG_WARN_STRICT_PROTOTYPES = YES;
				CLANG_WARN_SUSPICIOUS_MOVE = YES;
				CLANG_WARN_UNGUARDED_AVAILABILITY = YES_AGGRESSIVE;
				CLANG_WARN_UNREACHABLE_CODE = YES;
				CLANG_WARN__DUPLICATE_METHOD_MATCH = YES;
				COPY_PHASE_STRIP = NO;
				DEBUG_INFORMATION_FORMAT = "dwarf-with-dsym";
				ENABLE_NS_ASSERTIONS = NO;
				ENABLE_STRICT_OBJC_MSGSEND = YES;
				GCC_C_LANGUAGE_STANDARD = gnu11;
				GCC_NO_COMMON_BLOCKS = YES;
				GCC_WARN_64_TO_32_BIT_CONVERSION = YES;
				GCC_WARN_ABOUT_RETURN_TYPE = YES_ERROR;
				GCC_WARN_UNDECLARED_SELECTOR = YES;
				GCC_WARN_UNINITIALIZED_AUTOS = YES_AGGRESSIVE;
				GCC_WARN_UNUSED_FUNCTION = YES;
				GCC_WARN_UNUSED_VARIABLE = YES;
				IPHONEOS_DEPLOYMENT_TARGET = 14.2;
				MTL_ENABLE_DEBUG_INFO = NO;
				MTL_FAST_MATH = YES;
				SDKROOT = iphoneos;
				SWIFT_COMPILATION_MODE = wholemodule;
				SWIFT_OPTIMIZATION_LEVEL = "-O";
				VALIDATE_PRODUCT = YES;
			};
			name = Release;
		};
		969F4FAB25B2B1A7000F8ECF /* Debug */ = {
			isa = XCBuildConfiguration;
			buildSettings = {
				ASSETCATALOG_COMPILER_APPICON_NAME = AppIcon;
				ASSETCATALOG_COMPILER_GLOBAL_ACCENT_COLOR_NAME = AccentColor;
				CODE_SIGN_STYLE = Automatic;
				DEVELOPMENT_TEAM = PB2NUE95WT;
				INFOPLIST_FILE = "swift-responder-chain/Info.plist";
				LD_RUNPATH_SEARCH_PATHS = (
					"$(inherited)",
					"@executable_path/Frameworks",
				);
				PRODUCT_BUNDLE_IDENTIFIER = "com.ankushbhatia.swift-responder-chain";
				PRODUCT_NAME = "$(TARGET_NAME)";
				SWIFT_VERSION = 5.0;
				TARGETED_DEVICE_FAMILY = "1,2";
			};
			name = Debug;
		};
		969F4FAC25B2B1A7000F8ECF /* Release */ = {
			isa = XCBuildConfiguration;
			buildSettings = {
				ASSETCATALOG_COMPILER_APPICON_NAME = AppIcon;
				ASSETCATALOG_COMPILER_GLOBAL_ACCENT_COLOR_NAME = AccentColor;
				CODE_SIGN_STYLE = Automatic;
				DEVELOPMENT_TEAM = PB2NUE95WT;
				INFOPLIST_FILE = "swift-responder-chain/Info.plist";
				LD_RUNPATH_SEARCH_PATHS = (
					"$(inherited)",
					"@executable_path/Frameworks",
				);
				PRODUCT_BUNDLE_IDENTIFIER = "com.ankushbhatia.swift-responder-chain";
				PRODUCT_NAME = "$(TARGET_NAME)";
				SWIFT_VERSION = 5.0;
				TARGETED_DEVICE_FAMILY = "1,2";
			};
			name = Release;
		};
		969F4FAE25B2B1A7000F8ECF /* Debug */ = {
			isa = XCBuildConfiguration;
			buildSettings = {
				ALWAYS_EMBED_SWIFT_STANDARD_LIBRARIES = YES;
				BUNDLE_LOADER = "$(TEST_HOST)";
				CODE_SIGN_STYLE = Automatic;
				DEVELOPMENT_TEAM = PB2NUE95WT;
				INFOPLIST_FILE = "swift-responder-chainTests/Info.plist";
				IPHONEOS_DEPLOYMENT_TARGET = 14.2;
				LD_RUNPATH_SEARCH_PATHS = (
					"$(inherited)",
					"@executable_path/Frameworks",
					"@loader_path/Frameworks",
				);
				PRODUCT_BUNDLE_IDENTIFIER = "com.ankushbhatia.swift-responder-chainTests";
				PRODUCT_NAME = "$(TARGET_NAME)";
				SWIFT_VERSION = 5.0;
				TARGETED_DEVICE_FAMILY = "1,2";
				TEST_HOST = "$(BUILT_PRODUCTS_DIR)/swift-responder-chain.app/swift-responder-chain";
			};
			name = Debug;
		};
		969F4FAF25B2B1A7000F8ECF /* Release */ = {
			isa = XCBuildConfiguration;
			buildSettings = {
				ALWAYS_EMBED_SWIFT_STANDARD_LIBRARIES = YES;
				BUNDLE_LOADER = "$(TEST_HOST)";
				CODE_SIGN_STYLE = Automatic;
				DEVELOPMENT_TEAM = PB2NUE95WT;
				INFOPLIST_FILE = "swift-responder-chainTests/Info.plist";
				IPHONEOS_DEPLOYMENT_TARGET = 14.2;
				LD_RUNPATH_SEARCH_PATHS = (
					"$(inherited)",
					"@executable_path/Frameworks",
					"@loader_path/Frameworks",
				);
				PRODUCT_BUNDLE_IDENTIFIER = "com.ankushbhatia.swift-responder-chainTests";
				PRODUCT_NAME = "$(TARGET_NAME)";
				SWIFT_VERSION = 5.0;
				TARGETED_DEVICE_FAMILY = "1,2";
				TEST_HOST = "$(BUILT_PRODUCTS_DIR)/swift-responder-chain.app/swift-responder-chain";
			};
			name = Release;
		};
		969F4FB125B2B1A7000F8ECF /* Debug */ = {
			isa = XCBuildConfiguration;
			buildSettings = {
				ALWAYS_EMBED_SWIFT_STANDARD_LIBRARIES = YES;
				CODE_SIGN_STYLE = Automatic;
				DEVELOPMENT_TEAM = PB2NUE95WT;
				INFOPLIST_FILE = "swift-responder-chainUITests/Info.plist";
				LD_RUNPATH_SEARCH_PATHS = (
					"$(inherited)",
					"@executable_path/Frameworks",
					"@loader_path/Frameworks",
				);
				PRODUCT_BUNDLE_IDENTIFIER = "com.ankushbhatia.swift-responder-chainUITests";
				PRODUCT_NAME = "$(TARGET_NAME)";
				SWIFT_VERSION = 5.0;
				TARGETED_DEVICE_FAMILY = "1,2";
				TEST_TARGET_NAME = "swift-responder-chain";
			};
			name = Debug;
		};
		969F4FB225B2B1A7000F8ECF /* Release */ = {
			isa = XCBuildConfiguration;
			buildSettings = {
				ALWAYS_EMBED_SWIFT_STANDARD_LIBRARIES = YES;
				CODE_SIGN_STYLE = Automatic;
				DEVELOPMENT_TEAM = PB2NUE95WT;
				INFOPLIST_FILE = "swift-responder-chainUITests/Info.plist";
				LD_RUNPATH_SEARCH_PATHS = (
					"$(inherited)",
					"@executable_path/Frameworks",
					"@loader_path/Frameworks",
				);
				PRODUCT_BUNDLE_IDENTIFIER = "com.ankushbhatia.swift-responder-chainUITests";
				PRODUCT_NAME = "$(TARGET_NAME)";
				SWIFT_VERSION = 5.0;
				TARGETED_DEVICE_FAMILY = "1,2";
				TEST_TARGET_NAME = "swift-responder-chain";
			};
			name = Release;
		};
/* End XCBuildConfiguration section */

/* Begin XCConfigurationList section */
		969F4F7B25B2B1A2000F8ECF /* Build configuration list for PBXProject "swift-responder-chain" */ = {
			isa = XCConfigurationList;
			buildConfigurations = (
				969F4FA825B2B1A7000F8ECF /* Debug */,
				969F4FA925B2B1A7000F8ECF /* Release */,
			);
			defaultConfigurationIsVisible = 0;
			defaultConfigurationName = Release;
		};
		969F4FAA25B2B1A7000F8ECF /* Build configuration list for PBXNativeTarget "swift-responder-chain" */ = {
			isa = XCConfigurationList;
			buildConfigurations = (
				969F4FAB25B2B1A7000F8ECF /* Debug */,
				969F4FAC25B2B1A7000F8ECF /* Release */,
			);
			defaultConfigurationIsVisible = 0;
			defaultConfigurationName = Release;
		};
		969F4FAD25B2B1A7000F8ECF /* Build configuration list for PBXNativeTarget "swift-responder-chainTests" */ = {
			isa = XCConfigurationList;
			buildConfigurations = (
				969F4FAE25B2B1A7000F8ECF /* Debug */,
				969F4FAF25B2B1A7000F8ECF /* Release */,
			);
			defaultConfigurationIsVisible = 0;
			defaultConfigurationName = Release;
		};
		969F4FB025B2B1A7000F8ECF /* Build configuration list for PBXNativeTarget "swift-responder-chainUITests" */ = {
			isa = XCConfigurationList;
			buildConfigurations = (
				969F4FB125B2B1A7000F8ECF /* Debug */,
				969F4FB225B2B1A7000F8ECF /* Release */,
			);
			defaultConfigurationIsVisible = 0;
			defaultConfigurationName = Release;
		};
/* End XCConfigurationList section */
	};
	rootObject = 969F4F7825B2B1A2000F8ECF /* Project object */;
}
